
Microsoft Visual Studio Solution File, Format Version 12.00
# Visual Studio Version 16
VisualStudioVersion = 16.0.29905.134
MinimumVisualStudioVersion = 10.0.40219.1
Project("{9A19103F-16F7-4668-BE54-9A1E7A4F7556}") = "WooliesX.Domain", "WooliesX.Domain\WooliesX.Domain.csproj", "{AC6EB162-0D43-41CF-9CD3-0020E363941A}"
EndProject
Project("{9A19103F-16F7-4668-BE54-9A1E7A4F7556}") = "WooliesX.API", "WooliesX.API\WooliesX.API.csproj", "{0BA91566-13A1-4DEC-AB04-996C1D5A9A00}"
EndProject
Project("{FAE04EC0-301F-11D3-BF4B-00C04F79EFBC}") = "WooliesX.Domain.Tests", "WooliesX.Domain.Tests\WooliesX.Domain.Tests.csproj", "{3F2A6D4C-25E8-4798-A3C2-2D8C2D8631E7}"
EndProject
Project("{FAE04EC0-301F-11D3-BF4B-00C04F79EFBC}") = "WooliesX.API.Tests", "WooliesX.API.Tests\WooliesX.API.Tests.csproj", "{CF5E76CA-11E6-4EBD-AC1C-CD4635C1147D}"
EndProject
Global
	GlobalSection(SolutionConfigurationPlatforms) = preSolution
		Debug|Any CPU = Debug|Any CPU
		Release|Any CPU = Release|Any CPU
	EndGlobalSection
	GlobalSection(ProjectConfigurationPlatforms) = postSolution
		{AC6EB162-0D43-41CF-9CD3-0020E363941A}.Debug|Any CPU.ActiveCfg = Debug|Any CPU
		{AC6EB162-0D43-41CF-9CD3-0020E363941A}.Debug|Any CPU.Build.0 = Debug|Any CPU
		{AC6EB162-0D43-41CF-9CD3-0020E363941A}.Release|Any CPU.ActiveCfg = Release|Any CPU
		{AC6EB162-0D43-41CF-9CD3-0020E363941A}.Release|Any CPU.Build.0 = Release|Any CPU
		{0BA91566-13A1-4DEC-AB04-996C1D5A9A00}.Debug|Any CPU.ActiveCfg = Debug|Any CPU
		{0BA91566-13A1-4DEC-AB04-996C1D5A9A00}.Debug|Any CPU.Build.0 = Debug|Any CPU
		{0BA91566-13A1-4DEC-AB04-996C1D5A9A00}.Release|Any CPU.ActiveCfg = Release|Any CPU
		{0BA91566-13A1-4DEC-AB04-996C1D5A9A00}.Release|Any CPU.Build.0 = Release|Any CPU
		{3F2A6D4C-25E8-4798-A3C2-2D8C2D8631E7}.Debug|Any CPU.ActiveCfg = Debug|Any CPU
		{3F2A6D4C-25E8-4798-A3C2-2D8C2D8631E7}.Debug|Any CPU.Build.0 = Debug|Any CPU
		{3F2A6D4C-25E8-4798-A3C2-2D8C2D8631E7}.Release|Any CPU.ActiveCfg = Release|Any CPU
		{3F2A6D4C-25E8-4798-A3C2-2D8C2D8631E7}.Release|Any CPU.Build.0 = Release|Any CPU
		{CF5E76CA-11E6-4EBD-AC1C-CD4635C1147D}.Debug|Any CPU.ActiveCfg = Debug|Any CPU
		{CF5E76CA-11E6-4EBD-AC1C-CD4635C1147D}.Debug|Any CPU.Build.0 = Debug|Any CPU
		{CF5E76CA-11E6-4EBD-AC1C-CD4635C1147D}.Release|Any CPU.ActiveCfg = Release|Any CPU
		{CF5E76CA-11E6-4EBD-AC1C-CD4635C1147D}.Release|Any CPU.Build.0 = Release|Any CPU
	EndGlobalSection
	GlobalSection(SolutionProperties) = preSolution
		HideSolutionNode = FALSE
	EndGlobalSection
	GlobalSection(ExtensibilityGlobals) = postSolution
		SolutionGuid = {6BFEAA83-DECC-414C-9088-1425800FFA5A}
	EndGlobalSection
EndGlobal
